
Microsoft Visual Studio Solution File, Format Version 12.00
# Visual Studio Version 16
VisualStudioVersion = 16.0.31410.357
MinimumVisualStudioVersion = 10.0.40219.1
Project("{FAE04EC0-301F-11D3-BF4B-00C04F79EFBC}") = "tic,tac,toe", "tic,tac,toe.csproj", "{9FCE9A64-49CD-4FF2-9D1A-834166C75BA7}"
EndProject
Global
	GlobalSection(SolutionConfigurationPlatforms) = preSolution
		Debug|Any CPU = Debug|Any CPU
		Release|Any CPU = Release|Any CPU
	EndGlobalSection
	GlobalSection(ProjectConfigurationPlatforms) = postSolution
		{9FCE9A64-49CD-4FF2-9D1A-834166C75BA7}.Debug|Any CPU.ActiveCfg = Debug|Any CPU
		{9FCE9A64-49CD-4FF2-9D1A-834166C75BA7}.Debug|Any CPU.Build.0 = Debug|Any CPU
		{9FCE9A64-49CD-4FF2-9D1A-834166C75BA7}.Release|Any CPU.ActiveCfg = Release|Any CPU
		{9FCE9A64-49CD-4FF2-9D1A-834166C75BA7}.Release|Any CPU.Build.0 = Release|Any CPU
	EndGlobalSection
	GlobalSection(SolutionProperties) = preSolution
		HideSolutionNode = FALSE
	EndGlobalSection
	GlobalSection(ExtensibilityGlobals) = postSolution
		SolutionGuid = {A29256F9-A597-4F77-8B9A-3943BEF6FB87}
	EndGlobalSection
EndGlobal
